
Microsoft Visual Studio Solution File, Format Version 12.00
Project("{FAE04EC0-301F-11D3-BF4B-00C04F79EFBC}") = "TestApp", "TestApp\TestApp.csproj", "{9B65BA46-D7DC-4472-8501-439F7A38B4E0}"
EndProject
Global
	GlobalSection(SolutionConfigurationPlatforms) = preSolution
		Debug|Any CPU = Debug|Any CPU
		Release|Any CPU = Release|Any CPU
	EndGlobalSection
	GlobalSection(ProjectConfigurationPlatforms) = postSolution
		{9B65BA46-D7DC-4472-8501-439F7A38B4E0}.Debug|Any CPU.ActiveCfg = Debug|Any CPU
		{9B65BA46-D7DC-4472-8501-439F7A38B4E0}.Debug|Any CPU.Build.0 = Debug|Any CPU
		{9B65BA46-D7DC-4472-8501-439F7A38B4E0}.Release|Any CPU.ActiveCfg = Release|Any CPU
		{9B65BA46-D7DC-4472-8501-439F7A38B4E0}.Release|Any CPU.Build.0 = Release|Any CPU
	EndGlobalSection
EndGlobal
